{
  "nodes": {
    "catppuccin-textfox": {
      "flake": false,
      "locked": {
        "lastModified": 1689695410,
        "narHash": "sha256-8yZA3Amus00xORmxDJxgKmbH4zou+OpMfSYV7vMS4P8=",
        "owner": "catppuccin",
        "repo": "firefox",
        "rev": "1aa345a3312f0a649068418679ceb81a9c599d36",
        "type": "github"
      },
      "original": {
        "owner": "catppuccin",
        "repo": "firefox",
        "type": "github"
      }
    },
    "firefox-addons": {
      "inputs": {
        "nixpkgs": [
          "textfox",
          "nixpkgs"
        ]
      },
      "locked": {
        "dir": "pkgs/firefox-addons",
        "lastModified": 1754512310,
        "narHash": "sha256-gXE5lTYMOhpDJo+siLXW/3BzySPmLMD12GVB1QFVbyw=",
        "owner": "rycee",
        "repo": "nur-expressions",
        "rev": "2008f9aa7a5ccde48bfc1de5a919be5898da09c2",
        "type": "gitlab"
      },
      "original": {
        "dir": "pkgs/firefox-addons",
        "owner": "rycee",
        "repo": "nur-expressions",
        "type": "gitlab"
      }
    },
    "home-manager": {
      "inputs": {
        "nixpkgs": [
          "nixpkgs"
        ]
      },
      "locked": {
        "lastModified": 1774875830,
        "narHash": "sha256-WPYlTmZvVa9dWlAziFkVjBdv1Z6giNIq40O1DxsBmiI=",
        "owner": "nix-community",
        "repo": "home-manager",
        "rev": "7afd8cebb99e25a64a745765920e663478eb8830",
        "type": "github"
      },
      "original": {
        "owner": "nix-community",
        "ref": "release-25.11",
        "repo": "home-manager",
        "type": "github"
      }
    },
    "nixpkgs": {
      "locked": {
        "lastModified": 1774799055,
        "narHash": "sha256-Tsq9BCz0q47ej1uFF39m4tuhcwru/ls6vCCJzutEpaw=",
        "owner": "NixOS",
        "repo": "nixpkgs",
        "rev": "107cba9eb4a8d8c9f8e9e61266d78d340867913a",
        "type": "github"
      },
      "original": {
        "owner": "NixOS",
        "ref": "nixos-25.11",
        "repo": "nixpkgs",
        "type": "github"
      }
    },
    "nixpkgs_2": {
      "locked": {
        "lastModified": 1728492678,
        "narHash": "sha256-9UTxR8eukdg+XZeHgxW5hQA9fIKHsKCdOIUycTryeVw=",
        "owner": "nixos",
        "repo": "nixpkgs",
        "rev": "5633bcff0c6162b9e4b5f1264264611e950c8ec7",
        "type": "github"
      },
      "original": {
        "owner": "nixos",
        "ref": "nixos-unstable",
        "repo": "nixpkgs",
        "type": "github"
      }
    },
    "nvim-config": {
      "flake": false,
      "locked": {
        "lastModified": 1774694182,
        "narHash": "sha256-UAfdle1ub6LqKkEqlvOTL7EYX2mHNLY0PX5pJBAQn10=",
        "owner": "MaasOedipa",
        "repo": "kickstart.nvim",
        "rev": "a4b57654c9b6aebe9271fd366b8442e177124378",
        "type": "github"
      },
      "original": {
        "owner": "MaasOedipa",
        "repo": "kickstart.nvim",
        "type": "github"
      }
    },
    "root": {
      "inputs": {
        "catppuccin-textfox": "catppuccin-textfox",
        "home-manager": "home-manager",
        "nixpkgs": "nixpkgs",
        "nvim-config": "nvim-config",
        "textfox": "textfox"
      }
    },
    "textfox": {
      "inputs": {
        "firefox-addons": "firefox-addons",
        "nixpkgs": "nixpkgs_2"
      },
      "locked": {
        "lastModified": 1774891940,
        "narHash": "sha256-SL+uh4u43h+P1w5aZEQtnJ7WZyiFsnkM7GRv3JXTqaw=",
        "owner": "adriankarlen",
        "repo": "textfox",
        "rev": "2449bec4ba919adf24396e378a5c9ae4405e77fd",
        "type": "github"
      },
      "original": {
        "owner": "adriankarlen",
        "repo": "textfox",
        "type": "github"
      }
    }
  },
  "root": "root",
  "version": 7
}
